// !$*UTF8*$!
{
	archiveVersion = 1;
	classes = {
	};
	objectVersion = 46;
	objects = {

/* Begin PBXBuildFile section */
		304F54F41A9E0ECA00EFF70A /* AppDelegate.swift in Sources */ = {isa = PBXBuildFile; fileRef = 304F54F31A9E0ECA00EFF70A /* AppDelegate.swift */; };
		304F54F61A9E0ECA00EFF70A /* ViewController.swift in Sources */ = {isa = PBXBuildFile; fileRef = 304F54F51A9E0ECA00EFF70A /* ViewController.swift */; };
		304F54F91A9E0ECA00EFF70A /* Main.storyboard in Resources */ = {isa = PBXBuildFile; fileRef = 304F54F71A9E0ECA00EFF70A /* Main.storyboard */; };
		304F54FB1A9E0ECA00EFF70A /* Images.xcassets in Resources */ = {isa = PBXBuildFile; fileRef = 304F54FA1A9E0ECA00EFF70A /* Images.xcassets */; };
		304F54FE1A9E0ECA00EFF70A /* LaunchScreen.xib in Resources */ = {isa = PBXBuildFile; fileRef = 304F54FC1A9E0ECA00EFF70A /* LaunchScreen.xib */; };
		304F550A1A9E0ECA00EFF70A /* CalculatorTests.swift in Sources */ = {isa = PBXBuildFile; fileRef = 304F55091A9E0ECA00EFF70A /* CalculatorTests.swift */; };
/* End PBXBuildFile section */

/* Begin PBXContainerItemProxy section */
		304F55041A9E0ECA00EFF70A /* PBXContainerItemProxy */ = {
			isa = PBXContainerItemProxy;
			containerPortal = 304F54E61A9E0EC900EFF70A /* Project object */;
			proxyType = 1;
			remoteGlobalIDString = 304F54ED1A9E0EC900EFF70A;
			remoteInfo = Calculator;
		};
/* End PBXContainerItemProxy section */

/* Begin PBXFileReference section */
		304F54EE1A9E0ECA00EFF70A /* Calculator.app */ = {isa = PBXFileReference; explicitFileType = wrapper.application; includeInIndex = 0; path = Calculator.app; sourceTree = BUILT_PRODUCTS_DIR; };
		304F54F21A9E0ECA00EFF70A /* Info.plist */ = {isa = PBXFileReference; lastKnownFileType = text.plist.xml; path = Info.plist; sourceTree = "<group>"; };
		304F54F31A9E0ECA00EFF70A /* AppDelegate.swift */ = {isa = PBXFileReference; lastKnownFileType = sourcecode.swift; path = AppDelegate.swift; sourceTree = "<group>"; };
		304F54F51A9E0ECA00EFF70A /* ViewController.swift */ = {isa = PBXFileReference; lastKnownFileType = sourcecode.swift; path = ViewController.swift; sourceTree = "<group>"; };
		304F54F81A9E0ECA00EFF70A /* Base */ = {isa = PBXFileReference; lastKnownFileType = file.storyboard; name = Base; path = Base.lproj/Main.storyboard; sourceTree = "<group>"; };
		304F54FA1A9E0ECA00EFF70A /* Images.xcassets */ = {isa = PBXFileReference; lastKnownFileType = folder.assetcatalog; path = Images.xcassets; sourceTree = "<group>"; };
		304F54FD1A9E0ECA00EFF70A /* Base */ = {isa = PBXFileReference; lastKnownFileType = file.xib; name = Base; path = Base.lproj/LaunchScreen.xib; sourceTree = "<group>"; };
		304F55031A9E0ECA00EFF70A /* CalculatorTests.xctest */ = {isa = PBXFileReference; explicitFileType = wrapper.cfbundle; includeInIndex = 0; path = CalculatorTests.xctest; sourceTree = BUILT_PRODUCTS_DIR; };
		304F55081A9E0ECA00EFF70A /* Info.plist */ = {isa = PBXFileReference; lastKnownFileType = text.plist.xml; path = Info.plist; sourceTree = "<group>"; };
		304F55091A9E0ECA00EFF70A /* CalculatorTests.swift */ = {isa = PBXFileReference; lastKnownFileType = sourcecode.swift; path = CalculatorTests.swift; sourceTree = "<group>"; };
/* End PBXFileReference section */

/* Begin PBXFrameworksBuildPhase section */
		304F54EB1A9E0EC900EFF70A /* Frameworks */ = {
			isa = PBXFrameworksBuildPhase;
			buildActionMask = 2147483647;
			files = (
			);
			runOnlyForDeploymentPostprocessing = 0;
		};
		304F55001A9E0ECA00EFF70A /* Frameworks */ = {
			isa = PBXFrameworksBuildPhase;
			buildActionMask = 2147483647;
			files = (
			);
			runOnlyForDeploymentPostprocessing = 0;
		};
/* End PBXFrameworksBuildPhase section */

/* Begin PBXGroup section */
		304F54E51A9E0EC900EFF70A = {
			isa = PBXGroup;
			children = (
				304F54F01A9E0ECA00EFF70A /* Calculator */,
				304F55061A9E0ECA00EFF70A /* CalculatorTests */,
				304F54EF1A9E0ECA00EFF70A /* Products */,
			);
			sourceTree = "<group>";
		};
		304F54EF1A9E0ECA00EFF70A /* Products */ = {
			isa = PBXGroup;
			children = (
				304F54EE1A9E0ECA00EFF70A /* Calculator.app */,
				304F55031A9E0ECA00EFF70A /* CalculatorTests.xctest */,
			);
			name = Products;
			sourceTree = "<group>";
		};
		304F54F01A9E0ECA00EFF70A /* Calculator */ = {
			isa = PBXGroup;
			children = (
				304F54F51A9E0ECA00EFF70A /* ViewController.swift */,
				304F54F71A9E0ECA00EFF70A /* Main.storyboard */,
				304F54F11A9E0ECA00EFF70A /* Supporting Files */,
			);
			path = Calculator;
			sourceTree = "<group>";
		};
		304F54F11A9E0ECA00EFF70A /* Supporting Files */ = {
			isa = PBXGroup;
			children = (
				304F54FC1A9E0ECA00EFF70A /* LaunchScreen.xib */,
				304F54FA1A9E0ECA00EFF70A /* Images.xcassets */,
				304F54F31A9E0ECA00EFF70A /* AppDelegate.swift */,
				304F54F21A9E0ECA00EFF70A /* Info.plist */,
			);
			name = "Supporting Files";
			sourceTree = "<group>";
		};
		304F55061A9E0ECA00EFF70A /* CalculatorTests */ = {
			isa = PBXGroup;
			children = (
				304F55091A9E0ECA00EFF70A /* CalculatorTests.swift */,
				304F55071A9E0ECA00EFF70A /* Supporting Files */,
			);
			path = CalculatorTests;
			sourceTree = "<group>";
		};
		304F55071A9E0ECA00EFF70A /* Supporting Files */ = {
			isa = PBXGroup;
			children = (
				304F55081A9E0ECA00EFF70A /* Info.plist */,
			);
			name = "Supporting Files";
			sourceTree = "<group>";
		};
/* End PBXGroup section */

/* Begin PBXNativeTarget section */
		304F54ED1A9E0EC900EFF70A /* Calculator */ = {
			isa = PBXNativeTarget;
			buildConfigurationList = 304F550D1A9E0ECA00EFF70A /* Build configuration list for PBXNativeTarget "Calculator" */;
			buildPhases = (
				304F54EA1A9E0EC900EFF70A /* Sources */,
				304F54EB1A9E0EC900EFF70A /* Frameworks */,
				304F54EC1A9E0EC900EFF70A /* Resources */,
			);
			buildRules = (
			);
			dependencies = (
			);
			name = Calculator;
			productName = Calculator;
			productReference = 304F54EE1A9E0ECA00EFF70A /* Calculator.app */;
			productType = "com.apple.product-type.application";
		};
		304F55021A9E0ECA00EFF70A /* CalculatorTests */ = {
			isa = PBXNativeTarget;
			buildConfigurationList = 304F55101A9E0ECA00EFF70A /* Build configuration list for PBXNativeTarget "CalculatorTests" */;
			buildPhases = (
				304F54FF1A9E0ECA00EFF70A /* Sources */,
				304F55001A9E0ECA00EFF70A /* Frameworks */,
				304F55011A9E0ECA00EFF70A /* Resources */,
			);
			buildRules = (
			);
			dependencies = (
				304F55051A9E0ECA00EFF70A /* PBXTargetDependency */,
			);
			name = CalculatorTests;
			productName = CalculatorTests;
			productReference = 304F55031A9E0ECA00EFF70A /* CalculatorTests.xctest */;
			productType = "com.apple.product-type.bundle.unit-test";
		};
/* End PBXNativeTarget section */

/* Begin PBXProject section */
		304F54E61A9E0EC900EFF70A /* Project object */ = {
			isa = PBXProject;
			attributes = {
				LastUpgradeCheck = 0610;
				ORGANIZATIONNAME = "Wistshire LLC";
				TargetAttributes = {
					304F54ED1A9E0EC900EFF70A = {
						CreatedOnToolsVersion = 6.1.1;
						DevelopmentTeam = R2HXM9X5ZJ;
					};
					304F55021A9E0ECA00EFF70A = {
						CreatedOnToolsVersion = 6.1.1;
						TestTargetID = 304F54ED1A9E0EC900EFF70A;
					};
				};
			};
			buildConfigurationList = 304F54E91A9E0EC900EFF70A /* Build configuration list for PBXProject "Calculator" */;
			compatibilityVersion = "Xcode 3.2";
			developmentRegion = English;
			hasScannedForEncodings = 0;
			knownRegions = (
				en,
				Base,
			);
			mainGroup = 304F54E51A9E0EC900EFF70A;
			productRefGroup = 304F54EF1A9E0ECA00EFF70A /* Products */;
			projectDirPath = "";
			projectRoot = "";
			targets = (
				304F54ED1A9E0EC900EFF70A /* Calculator */,
				304F55021A9E0ECA00EFF70A /* CalculatorTests */,
			);
		};
/* End PBXProject section */

/* Begin PBXResourcesBuildPhase section */
		304F54EC1A9E0EC900EFF70A /* Resources */ = {
			isa = PBXResourcesBuildPhase;
			buildActionMask = 2147483647;
			files = (
				304F54F91A9E0ECA00EFF70A /* Main.storyboard in Resources */,
				304F54FE1A9E0ECA00EFF70A /* LaunchScreen.xib in Resources */,
				304F54FB1A9E0ECA00EFF70A /* Images.xcassets in Resources */,
			);
			runOnlyForDeploymentPostprocessing = 0;
		};
		304F55011A9E0ECA00EFF70A /* Resources */ = {
			isa = PBXResourcesBuildPhase;
			buildActionMask = 2147483647;
			files = (
			);
			runOnlyForDeploymentPostprocessing = 0;
		};
/* End PBXResourcesBuildPhase section */

/* Begin PBXSourcesBuildPhase section */
		304F54EA1A9E0EC900EFF70A /* Sources */ = {
			isa = PBXSourcesBuildPhase;
			buildActionMask = 2147483647;
			files = (
				304F54F61A9E0ECA00EFF70A /* ViewController.swift in Sources */,
				304F54F41A9E0ECA00EFF70A /* AppDelegate.swift in Sources */,
			);
			runOnlyForDeploymentPostprocessing = 0;
		};
		304F54FF1A9E0ECA00EFF70A /* Sources */ = {
			isa = PBXSourcesBuildPhase;
			buildActionMask = 2147483647;
			files = (
				304F550A1A9E0ECA00EFF70A /* CalculatorTests.swift in Sources */,
			);
			runOnlyForDeploymentPostprocessing = 0;
		};
/* End PBXSourcesBuildPhase section */

/* Begin PBXTargetDependency section */
		304F55051A9E0ECA00EFF70A /* PBXTargetDependency */ = {
			isa = PBXTargetDependency;
			target = 304F54ED1A9E0EC900EFF70A /* Calculator */;
			targetProxy = 304F55041A9E0ECA00EFF70A /* PBXContainerItemProxy */;
		};
/* End PBXTargetDependency section */

/* Begin PBXVariantGroup section */
		304F54F71A9E0ECA00EFF70A /* Main.storyboard */ = {
			isa = PBXVariantGroup;
			children = (
				304F54F81A9E0ECA00EFF70A /* Base */,
			);
			name = Main.storyboard;
			sourceTree = "<group>";
		};
		304F54FC1A9E0ECA00EFF70A /* LaunchScreen.xib */ = {
			isa = PBXVariantGroup;
			children = (
				304F54FD1A9E0ECA00EFF70A /* Base */,
			);
			name = LaunchScreen.xib;
			sourceTree = "<group>";
		};
/* End PBXVariantGroup section */

/* Begin XCBuildConfiguration section */
		304F550B1A9E0ECA00EFF70A /* Debug */ = {
			isa = XCBuildConfiguration;
			buildSettings = {
				ALWAYS_SEARCH_USER_PATHS = NO;
				CLANG_CXX_LANGUAGE_STANDARD = "gnu++0x";
				CLANG_CXX_LIBRARY = "libc++";
				CLANG_ENABLE_MODULES = YES;
				CLANG_ENABLE_OBJC_ARC = YES;
				CLANG_WARN_BOOL_CONVERSION = YES;
				CLANG_WARN_CONSTANT_CONVERSION = YES;
				CLANG_WARN_DIRECT_OBJC_ISA_USAGE = YES_ERROR;
				CLANG_WARN_EMPTY_BODY = YES;
				CLANG_WARN_ENUM_CONVERSION = YES;
				CLANG_WARN_INT_CONVERSION = YES;
				CLANG_WARN_OBJC_ROOT_CLASS = YES_ERROR;
				CLANG_WARN_UNREACHABLE_CODE = YES;
				CLANG_WARN__DUPLICATE_METHOD_MATCH = YES;
				"CODE_SIGN_IDENTITY[sdk=iphoneos*]" = "iPhone Developer";
				COPY_PHASE_STRIP = NO;
				ENABLE_STRICT_OBJC_MSGSEND = YES;
				GCC_C_LANGUAGE_STANDARD = gnu99;
				GCC_DYNAMIC_NO_PIC = NO;
				GCC_OPTIMIZATION_LEVEL = 0;
				GCC_PREPROCESSOR_DEFINITIONS = (
					"DEBUG=1",
					"$(inherited)",
				);
				GCC_SYMBOLS_PRIVATE_EXTERN = NO;
				GCC_WARN_64_TO_32_BIT_CONVERSION = YES;
				GCC_WARN_ABOUT_RETURN_TYPE = YES_ERROR;
				GCC_WARN_UNDECLARED_SELECTOR = YES;
				GCC_WARN_UNINITIALIZED_AUTOS = YES_AGGRESSIVE;
				GCC_WARN_UNUSED_FUNCTION = YES;
				GCC_WARN_UNUSED_VARIABLE = YES;
				IPHONEOS_DEPLOYMENT_TARGET = 8.1;
				MTL_ENABLE_DEBUG_INFO = YES;
				ONLY_ACTIVE_ARCH = YES;
				SDKROOT = iphoneos;
				SWIFT_OPTIMIZATION_LEVEL = "-Onone";
				TARGETED_DEVICE_FAMILY = "1,2";
			};
			name = Debug;
		};
		304F550C1A9E0ECA00EFF70A /* Release */ = {
			isa = XCBuildConfiguration;
			buildSettings = {
				ALWAYS_SEARCH_USER_PATHS = NO;
				CLANG_CXX_LANGUAGE_STANDARD = "gnu++0x";
				CLANG_CXX_LIBRARY = "libc++";
				CLANG_ENABLE_MODULES = YES;
				CLANG_ENABLE_OBJC_ARC = YES;
				CLANG_WARN_BOOL_CONVERSION = YES;
				CLANG_WARN_CONSTANT_CONVERSION = YES;
				CLANG_WARN_DIRECT_OBJC_ISA_USAGE = YES_ERROR;
				CLANG_WARN_EMPTY_BODY = YES;
				CLANG_WARN_ENUM_CONVERSION = YES;
				CLANG_WARN_INT_CONVERSION = YES;
				CLANG_WARN_OBJC_ROOT_CLASS = YES_ERROR;
				CLANG_WARN_UNREACHABLE_CODE = YES;
				CLANG_WARN__DUPLICATE_METHOD_MATCH = YES;
				"CODE_SIGN_IDENTITY[sdk=iphoneos*]" = "iPhone Developer";
				COPY_PHASE_STRIP = YES;
				ENABLE_NS_ASSERTIONS = NO;
				ENABLE_STRICT_OBJC_MSGSEND = YES;
				GCC_C_LANGUAGE_STANDARD = gnu99;
				GCC_WARN_64_TO_32_BIT_CONVERSION = YES;
				GCC_WARN_ABOUT_RETURN_TYPE = YES_ERROR;
				GCC_WARN_UNDECLARED_SELECTOR = YES;
				GCC_WARN_UNINITIALIZED_AUTOS = YES_AGGRESSIVE;
				GCC_WARN_UNUSED_FUNCTION = YES;
				GCC_WARN_UNUSED_VARIABLE = YES;
				IPHONEOS_DEPLOYMENT_TARGET = 8.1;
				MTL_ENABLE_DEBUG_INFO = NO;
				SDKROOT = iphoneos;
				TARGETED_DEVICE_FAMILY = "1,2";
				VALIDATE_PRODUCT = YES;
			};
			name = Release;
		};
		304F550E1A9E0ECA00EFF70A /* Debug */ = {
			isa = XCBuildConfiguration;
			buildSettings = {
				ASSETCATALOG_COMPILER_APPICON_NAME = AppIcon;
				CODE_SIGN_IDENTITY = "iPhone Developer";
				INFOPLIST_FILE = Calculator/Info.plist;
				LD_RUNPATH_SEARCH_PATHS = "$(inherited) @executable_path/Frameworks";
				PRODUCT_NAME = "$(TARGET_NAME)";
			};
			name = Debug;
		};
		304F550F1A9E0ECA00EFF70A /* Release */ = {
			isa = XCBuildConfiguration;
			buildSettings = {
				ASSETCATALOG_COMPILER_APPICON_NAME = AppIcon;
				CODE_SIGN_IDENTITY = "iPhone Developer";
				INFOPLIST_FILE = Calculator/Info.plist;
				LD_RUNPATH_SEARCH_PATHS = "$(inherited) @executable_path/Frameworks";
				PRODUCT_NAME = "$(TARGET_NAME)";
			};
			name = Release;
		};
		304F55111A9E0ECA00EFF70A /* Debug */ = {
			isa = XCBuildConfiguration;
			buildSettings = {
				BUNDLE_LOADER = "$(TEST_HOST)";
				FRAMEWORK_SEARCH_PATHS = (
					"$(SDKROOT)/Developer/Library/Frameworks",
					"$(inherited)",
				);
				GCC_PREPROCESSOR_DEFINITIONS = (
					"DEBUG=1",
					"$(inherited)",
				);
				INFOPLIST_FILE = CalculatorTests/Info.plist;
				LD_RUNPATH_SEARCH_PATHS = "$(inherited) @executable_path/Frameworks @loader_path/Frameworks";
				PRODUCT_NAME = "$(TARGET_NAME)";
				TEST_HOST = "$(BUILT_PRODUCTS_DIR)/Calculator.app/Calculator";
			};
			name = Debug;
		};
		304F55121A9E0ECA00EFF70A /* Release */ = {
			isa = XCBuildConfiguration;
			buildSettings = {
				BUNDLE_LOADER = "$(TEST_HOST)";
				FRAMEWORK_SEARCH_PATHS = (
					"$(SDKROOT)/Developer/Library/Frameworks",
					"$(inherited)",
				);
				INFOPLIST_FILE = CalculatorTests/Info.plist;
				LD_RUNPATH_SEARCH_PATHS = "$(inherited) @executable_path/Frameworks @loader_path/Frameworks";
				PRODUCT_NAME = "$(TARGET_NAME)";
				TEST_HOST = "$(BUILT_PRODUCTS_DIR)/Calculator.app/Calculator";
			};
			name = Release;
		};
/* End XCBuildConfiguration section */

/* Begin XCConfigurationList section */
		304F54E91A9E0EC900EFF70A /* Build configuration list for PBXProject "Calculator" */ = {
			isa = XCConfigurationList;
			buildConfigurations = (
				304F550B1A9E0ECA00EFF70A /* Debug */,
				304F550C1A9E0ECA00EFF70A /* Release */,
			);
			defaultConfigurationIsVisible = 0;
			defaultConfigurationName = Release;
		};
		304F550D1A9E0ECA00EFF70A /* Build configuration list for PBXNativeTarget "Calculator" */ = {
			isa = XCConfigurationList;
			buildConfigurations = (
				304F550E1A9E0ECA00EFF70A /* Debug */,
				304F550F1A9E0ECA00EFF70A /* Release */,
			);
			defaultConfigurationIsVisible = 0;
		};
		304F55101A9E0ECA00EFF70A /* Build configuration list for PBXNativeTarget "CalculatorTests" */ = {
			isa = XCConfigurationList;
			buildConfigurations = (
				304F55111A9E0ECA00EFF70A /* Debug */,
				304F55121A9E0ECA00EFF70A /* Release */,
			);
			defaultConfigurationIsVisible = 0;
		};
/* End XCConfigurationList section */
	};
	rootObject = 304F54E61A9E0EC900EFF70A /* Project object */;
}
